
Microsoft Visual Studio Solution File, Format Version 12.00
# Visual Studio 15
VisualStudioVersion = 15.0.26124.0
MinimumVisualStudioVersion = 15.0.26124.0
Project("{9A19103F-16F7-4668-BE54-9A1E7A4F7556}") = "MSBuild.SolutionSdk", "MSBuild.SolutionSdk\MSBuild.SolutionSdk.csproj", "{C30F314F-76EE-4F17-86E5-845BE8B5EFF4}"
EndProject
Project("{2150E333-8FDC-42A3-9474-1A3956D46DE8}") = "Solution Items", "Solution Items", "{B41B9B43-9837-429B-B457-85EE3A339B98}"
	ProjectSection(SolutionItems) = preProject
		Directory.Build.props = Directory.Build.props
	EndProjectSection
EndProject
Project("{9A19103F-16F7-4668-BE54-9A1E7A4F7556}") = "MSBuild.SolutionSdk.Hook", "MSBuild.SolutionSdk.Hook\MSBuild.SolutionSdk.Hook.csproj", "{502A6A70-A49C-472F-A46D-48C536CBA9BD}"
EndProject
Global
	GlobalSection(SolutionConfigurationPlatforms) = preSolution
		Debug|Any CPU = Debug|Any CPU
		Debug|x64 = Debug|x64
		Debug|x86 = Debug|x86
		Release|Any CPU = Release|Any CPU
		Release|x64 = Release|x64
		Release|x86 = Release|x86
	EndGlobalSection
	GlobalSection(ProjectConfigurationPlatforms) = postSolution
		{C30F314F-76EE-4F17-86E5-845BE8B5EFF4}.Debug|Any CPU.ActiveCfg = Debug|Any CPU
		{C30F314F-76EE-4F17-86E5-845BE8B5EFF4}.Debug|Any CPU.Build.0 = Debug|Any CPU
		{C30F314F-76EE-4F17-86E5-845BE8B5EFF4}.Debug|x64.ActiveCfg = Debug|Any CPU
		{C30F314F-76EE-4F17-86E5-845BE8B5EFF4}.Debug|x64.Build.0 = Debug|Any CPU
		{C30F314F-76EE-4F17-86E5-845BE8B5EFF4}.Debug|x86.ActiveCfg = Debug|Any CPU
		{C30F314F-76EE-4F17-86E5-845BE8B5EFF4}.Debug|x86.Build.0 = Debug|Any CPU
		{C30F314F-76EE-4F17-86E5-845BE8B5EFF4}.Release|Any CPU.ActiveCfg = Release|Any CPU
		{C30F314F-76EE-4F17-86E5-845BE8B5EFF4}.Release|Any CPU.Build.0 = Release|Any CPU
		{C30F314F-76EE-4F17-86E5-845BE8B5EFF4}.Release|x64.ActiveCfg = Release|Any CPU
		{C30F314F-76EE-4F17-86E5-845BE8B5EFF4}.Release|x64.Build.0 = Release|Any CPU
		{C30F314F-76EE-4F17-86E5-845BE8B5EFF4}.Release|x86.ActiveCfg = Release|Any CPU
		{C30F314F-76EE-4F17-86E5-845BE8B5EFF4}.Release|x86.Build.0 = Release|Any CPU
		{502A6A70-A49C-472F-A46D-48C536CBA9BD}.Debug|Any CPU.ActiveCfg = Debug|Any CPU
		{502A6A70-A49C-472F-A46D-48C536CBA9BD}.Debug|Any CPU.Build.0 = Debug|Any CPU
		{502A6A70-A49C-472F-A46D-48C536CBA9BD}.Debug|x64.ActiveCfg = Debug|Any CPU
		{502A6A70-A49C-472F-A46D-48C536CBA9BD}.Debug|x64.Build.0 = Debug|Any CPU
		{502A6A70-A49C-472F-A46D-48C536CBA9BD}.Debug|x86.ActiveCfg = Debug|Any CPU
		{502A6A70-A49C-472F-A46D-48C536CBA9BD}.Debug|x86.Build.0 = Debug|Any CPU
		{502A6A70-A49C-472F-A46D-48C536CBA9BD}.Release|Any CPU.ActiveCfg = Release|Any CPU
		{502A6A70-A49C-472F-A46D-48C536CBA9BD}.Release|Any CPU.Build.0 = Release|Any CPU
		{502A6A70-A49C-472F-A46D-48C536CBA9BD}.Release|x64.ActiveCfg = Release|Any CPU
		{502A6A70-A49C-472F-A46D-48C536CBA9BD}.Release|x64.Build.0 = Release|Any CPU
		{502A6A70-A49C-472F-A46D-48C536CBA9BD}.Release|x86.ActiveCfg = Release|Any CPU
		{502A6A70-A49C-472F-A46D-48C536CBA9BD}.Release|x86.Build.0 = Release|Any CPU
	EndGlobalSection
	GlobalSection(SolutionProperties) = preSolution
		HideSolutionNode = FALSE
	EndGlobalSection
	GlobalSection(ExtensibilityGlobals) = postSolution
		SolutionGuid = {6D012FF3-E3CB-4355-B157-AE5B2F348E8D}
	EndGlobalSection
EndGlobal
